
Microsoft Visual Studio Solution File, Format Version 12.00
# Visual Studio 15
VisualStudioVersion = 15.0.27130.2003
MinimumVisualStudioVersion = 10.0.40219.1
Project("{FAE04EC0-301F-11D3-BF4B-00C04F79EFBC}") = "Boeing.Services.Greetings", "Boeing.Services.Greetings\Boeing.Services.Greetings.csproj", "{03BCE660-F6C1-41A8-824C-A678B2707DE9}"
EndProject
Project("{FAE04EC0-301F-11D3-BF4B-00C04F79EFBC}") = "Boeing.Services.Greetings.Tests", "Boeing.Services.Greetings.Tests\Boeing.Services.Greetings.Tests.csproj", "{D8489AA6-7996-4357-9EEE-4A71CD874A79}"
EndProject
Project("{151D2E53-A2C4-4D7D-83FE-D05416EBD58E}") = "ArmTemplateforWebApp", "ArmTemplateforWebApp\ArmTemplateforWebApp.deployproj", "{ECEB48BD-8F22-4A92-BA93-A809CE1D1178}"
EndProject
Global
	GlobalSection(SolutionConfigurationPlatforms) = preSolution
		Debug|Any CPU = Debug|Any CPU
		Release|Any CPU = Release|Any CPU
	EndGlobalSection
	GlobalSection(ProjectConfigurationPlatforms) = postSolution
		{03BCE660-F6C1-41A8-824C-A678B2707DE9}.Debug|Any CPU.ActiveCfg = Debug|Any CPU
		{03BCE660-F6C1-41A8-824C-A678B2707DE9}.Debug|Any CPU.Build.0 = Debug|Any CPU
		{03BCE660-F6C1-41A8-824C-A678B2707DE9}.Release|Any CPU.ActiveCfg = Release|Any CPU
		{03BCE660-F6C1-41A8-824C-A678B2707DE9}.Release|Any CPU.Build.0 = Release|Any CPU
		{D8489AA6-7996-4357-9EEE-4A71CD874A79}.Debug|Any CPU.ActiveCfg = Debug|Any CPU
		{D8489AA6-7996-4357-9EEE-4A71CD874A79}.Debug|Any CPU.Build.0 = Debug|Any CPU
		{D8489AA6-7996-4357-9EEE-4A71CD874A79}.Release|Any CPU.ActiveCfg = Release|Any CPU
		{D8489AA6-7996-4357-9EEE-4A71CD874A79}.Release|Any CPU.Build.0 = Release|Any CPU
		{ECEB48BD-8F22-4A92-BA93-A809CE1D1178}.Debug|Any CPU.ActiveCfg = Debug|Any CPU
		{ECEB48BD-8F22-4A92-BA93-A809CE1D1178}.Debug|Any CPU.Build.0 = Debug|Any CPU
		{ECEB48BD-8F22-4A92-BA93-A809CE1D1178}.Release|Any CPU.ActiveCfg = Release|Any CPU
		{ECEB48BD-8F22-4A92-BA93-A809CE1D1178}.Release|Any CPU.Build.0 = Release|Any CPU
	EndGlobalSection
	GlobalSection(SolutionProperties) = preSolution
		HideSolutionNode = FALSE
	EndGlobalSection
	GlobalSection(ExtensibilityGlobals) = postSolution
		SolutionGuid = {69769D08-7512-4B1A-9A37-DD3D5E7AD13B}
	EndGlobalSection
EndGlobal
